// !$*UTF8*$!
{
	archiveVersion = 1;
	classes = {
	};
	objectVersion = 50;
	objects = {

/* Begin PBXBuildFile section */
		32ABCC852697FF1B00E8E37D /* ImageCompositingOverViewController.swift in Sources */ = {isa = PBXBuildFile; fileRef = 32ABCC842697FF1A00E8E37D /* ImageCompositingOverViewController.swift */; };
		32ABCC87269879B700E8E37D /* MirrorX.metal in Sources */ = {isa = PBXBuildFile; fileRef = 32ABCC86269879B700E8E37D /* MirrorX.metal */; };
		32ABCC8926987C2400E8E37D /* MirrorXFilter.swift in Sources */ = {isa = PBXBuildFile; fileRef = 32ABCC8826987C2400E8E37D /* MirrorXFilter.swift */; };
		32ABCC8B269AD79400E8E37D /* MirrorXViewController.swift in Sources */ = {isa = PBXBuildFile; fileRef = 32ABCC8A269AD79400E8E37D /* MirrorXViewController.swift */; };
		74DC296C2694AB8D0029DA20 /* TextImageGeneratorViewController.swift in Sources */ = {isa = PBXBuildFile; fileRef = 74DC296B2694AB8D0029DA20 /* TextImageGeneratorViewController.swift */; };
		B2873B6D2275A0A0008BBF33 /* FilterDetailViewController.swift in Sources */ = {isa = PBXBuildFile; fileRef = B2873B6C2275A0A0008BBF33 /* FilterDetailViewController.swift */; };
		B2873B742275A134008BBF33 /* FilterPresentationController.swift in Sources */ = {isa = PBXBuildFile; fileRef = B2873B6E2275A133008BBF33 /* FilterPresentationController.swift */; };
		B2873B752275A134008BBF33 /* FilterParamPannelViewController.swift in Sources */ = {isa = PBXBuildFile; fileRef = B2873B6F2275A134008BBF33 /* FilterParamPannelViewController.swift */; };
		B2873B762275A134008BBF33 /* FilterParameter.swift in Sources */ = {isa = PBXBuildFile; fileRef = B2873B702275A134008BBF33 /* FilterParameter.swift */; };
		B2873B772275A134008BBF33 /* FilterColor.swift in Sources */ = {isa = PBXBuildFile; fileRef = B2873B712275A134008BBF33 /* FilterColor.swift */; };
		B2873B792275A134008BBF33 /* FilterSliderView.swift in Sources */ = {isa = PBXBuildFile; fileRef = B2873B732275A134008BBF33 /* FilterSliderView.swift */; };
		B2A91E6F22758BCF00D01E09 /* AppDelegate.swift in Sources */ = {isa = PBXBuildFile; fileRef = B2A91E6E22758BCF00D01E09 /* AppDelegate.swift */; };
		B2A91E7422758BCF00D01E09 /* Main.storyboard in Resources */ = {isa = PBXBuildFile; fileRef = B2A91E7222758BCF00D01E09 /* Main.storyboard */; };
		B2A91E7622758BD100D01E09 /* Assets.xcassets in Resources */ = {isa = PBXBuildFile; fileRef = B2A91E7522758BD100D01E09 /* Assets.xcassets */; };
		B2A91E7922758BD100D01E09 /* LaunchScreen.storyboard in Resources */ = {isa = PBXBuildFile; fileRef = B2A91E7722758BD100D01E09 /* LaunchScreen.storyboard */; };
		B2A91E8422758BD100D01E09 /* CIFiltersTests.swift in Sources */ = {isa = PBXBuildFile; fileRef = B2A91E8322758BD100D01E09 /* CIFiltersTests.swift */; };
		B2A91E8F22758BD100D01E09 /* CIFiltersUITests.swift in Sources */ = {isa = PBXBuildFile; fileRef = B2A91E8E22758BD100D01E09 /* CIFiltersUITests.swift */; };
		B2A91E9F22758C9200D01E09 /* FilterTableViewController.swift in Sources */ = {isa = PBXBuildFile; fileRef = B2A91E9E22758C9200D01E09 /* FilterTableViewController.swift */; };
/* End PBXBuildFile section */

/* Begin PBXContainerItemProxy section */
		B2A91E8022758BD100D01E09 /* PBXContainerItemProxy */ = {
			isa = PBXContainerItemProxy;
			containerPortal = B2A91E6322758BCF00D01E09 /* Project object */;
			proxyType = 1;
			remoteGlobalIDString = B2A91E6A22758BCF00D01E09;
			remoteInfo = CIFilters;
		};
		B2A91E8B22758BD100D01E09 /* PBXContainerItemProxy */ = {
			isa = PBXContainerItemProxy;
			containerPortal = B2A91E6322758BCF00D01E09 /* Project object */;
			proxyType = 1;
			remoteGlobalIDString = B2A91E6A22758BCF00D01E09;
			remoteInfo = CIFilters;
		};
/* End PBXContainerItemProxy section */

/* Begin PBXFileReference section */
		32ABCC842697FF1A00E8E37D /* ImageCompositingOverViewController.swift */ = {isa = PBXFileReference; lastKnownFileType = sourcecode.swift; path = ImageCompositingOverViewController.swift; sourceTree = "<group>"; };
		32ABCC86269879B700E8E37D /* MirrorX.metal */ = {isa = PBXFileReference; lastKnownFileType = sourcecode.metal; path = MirrorX.metal; sourceTree = "<group>"; };
		32ABCC8826987C2400E8E37D /* MirrorXFilter.swift */ = {isa = PBXFileReference; lastKnownFileType = sourcecode.swift; path = MirrorXFilter.swift; sourceTree = "<group>"; };
		32ABCC8A269AD79400E8E37D /* MirrorXViewController.swift */ = {isa = PBXFileReference; lastKnownFileType = sourcecode.swift; path = MirrorXViewController.swift; sourceTree = "<group>"; };
		74DC296B2694AB8D0029DA20 /* TextImageGeneratorViewController.swift */ = {isa = PBXFileReference; lastKnownFileType = sourcecode.swift; path = TextImageGeneratorViewController.swift; sourceTree = "<group>"; };
		B2873B6C2275A0A0008BBF33 /* FilterDetailViewController.swift */ = {isa = PBXFileReference; lastKnownFileType = sourcecode.swift; path = FilterDetailViewController.swift; sourceTree = "<group>"; };
		B2873B6E2275A133008BBF33 /* FilterPresentationController.swift */ = {isa = PBXFileReference; fileEncoding = 4; lastKnownFileType = sourcecode.swift; path = FilterPresentationController.swift; sourceTree = "<group>"; };
		B2873B6F2275A134008BBF33 /* FilterParamPannelViewController.swift */ = {isa = PBXFileReference; fileEncoding = 4; lastKnownFileType = sourcecode.swift; path = FilterParamPannelViewController.swift; sourceTree = "<group>"; };
		B2873B702275A134008BBF33 /* FilterParameter.swift */ = {isa = PBXFileReference; fileEncoding = 4; lastKnownFileType = sourcecode.swift; path = FilterParameter.swift; sourceTree = "<group>"; };
		B2873B712275A134008BBF33 /* FilterColor.swift */ = {isa = PBXFileReference; fileEncoding = 4; lastKnownFileType = sourcecode.swift; path = FilterColor.swift; sourceTree = "<group>"; };
		B2873B732275A134008BBF33 /* FilterSliderView.swift */ = {isa = PBXFileReference; fileEncoding = 4; lastKnownFileType = sourcecode.swift; path = FilterSliderView.swift; sourceTree = "<group>"; };
		B2A91E6B22758BCF00D01E09 /* CIFilters.app */ = {isa = PBXFileReference; explicitFileType = wrapper.application; includeInIndex = 0; path = CIFilters.app; sourceTree = BUILT_PRODUCTS_DIR; };
		B2A91E6E22758BCF00D01E09 /* AppDelegate.swift */ = {isa = PBXFileReference; lastKnownFileType = sourcecode.swift; path = AppDelegate.swift; sourceTree = "<group>"; };
		B2A91E7322758BCF00D01E09 /* Base */ = {isa = PBXFileReference; lastKnownFileType = file.storyboard; name = Base; path = Base.lproj/Main.storyboard; sourceTree = "<group>"; };
		B2A91E7522758BD100D01E09 /* Assets.xcassets */ = {isa = PBXFileReference; lastKnownFileType = folder.assetcatalog; path = Assets.xcassets; sourceTree = "<group>"; };
		B2A91E7822758BD100D01E09 /* Base */ = {isa = PBXFileReference; lastKnownFileType = file.storyboard; name = Base; path = Base.lproj/LaunchScreen.storyboard; sourceTree = "<group>"; };
		B2A91E7A22758BD100D01E09 /* Info.plist */ = {isa = PBXFileReference; lastKnownFileType = text.plist.xml; path = Info.plist; sourceTree = "<group>"; };
		B2A91E7F22758BD100D01E09 /* CIFiltersTests.xctest */ = {isa = PBXFileReference; explicitFileType = wrapper.cfbundle; includeInIndex = 0; path = CIFiltersTests.xctest; sourceTree = BUILT_PRODUCTS_DIR; };
		B2A91E8322758BD100D01E09 /* CIFiltersTests.swift */ = {isa = PBXFileReference; lastKnownFileType = sourcecode.swift; path = CIFiltersTests.swift; sourceTree = "<group>"; };
		B2A91E8522758BD100D01E09 /* Info.plist */ = {isa = PBXFileReference; lastKnownFileType = text.plist.xml; path = Info.plist; sourceTree = "<group>"; };
		B2A91E8A22758BD100D01E09 /* CIFiltersUITests.xctest */ = {isa = PBXFileReference; explicitFileType = wrapper.cfbundle; includeInIndex = 0; path = CIFiltersUITests.xctest; sourceTree = BUILT_PRODUCTS_DIR; };
		B2A91E8E22758BD100D01E09 /* CIFiltersUITests.swift */ = {isa = PBXFileReference; lastKnownFileType = sourcecode.swift; path = CIFiltersUITests.swift; sourceTree = "<group>"; };
		B2A91E9022758BD100D01E09 /* Info.plist */ = {isa = PBXFileReference; lastKnownFileType = text.plist.xml; path = Info.plist; sourceTree = "<group>"; };
		B2A91E9E22758C9200D01E09 /* FilterTableViewController.swift */ = {isa = PBXFileReference; lastKnownFileType = sourcecode.swift; path = FilterTableViewController.swift; sourceTree = "<group>"; };
/* End PBXFileReference section */

/* Begin PBXFrameworksBuildPhase section */
		B2A91E6822758BCF00D01E09 /* Frameworks */ = {
			isa = PBXFrameworksBuildPhase;
			buildActionMask = 2147483647;
			files = (
			);
			runOnlyForDeploymentPostprocessing = 0;
		};
		B2A91E7C22758BD100D01E09 /* Frameworks */ = {
			isa = PBXFrameworksBuildPhase;
			buildActionMask = 2147483647;
			files = (
			);
			runOnlyForDeploymentPostprocessing = 0;
		};
		B2A91E8722758BD100D01E09 /* Frameworks */ = {
			isa = PBXFrameworksBuildPhase;
			buildActionMask = 2147483647;
			files = (
			);
			runOnlyForDeploymentPostprocessing = 0;
		};
/* End PBXFrameworksBuildPhase section */

/* Begin PBXGroup section */
		B2A91E6222758BCF00D01E09 = {
			isa = PBXGroup;
			children = (
				B2A91E6D22758BCF00D01E09 /* CIFilters */,
				B2A91E8222758BD100D01E09 /* CIFiltersTests */,
				B2A91E8D22758BD100D01E09 /* CIFiltersUITests */,
				B2A91E6C22758BCF00D01E09 /* Products */,
			);
			sourceTree = "<group>";
		};
		B2A91E6C22758BCF00D01E09 /* Products */ = {
			isa = PBXGroup;
			children = (
				B2A91E6B22758BCF00D01E09 /* CIFilters.app */,
				B2A91E7F22758BD100D01E09 /* CIFiltersTests.xctest */,
				B2A91E8A22758BD100D01E09 /* CIFiltersUITests.xctest */,
			);
			name = Products;
			sourceTree = "<group>";
		};
		B2A91E6D22758BCF00D01E09 /* CIFilters */ = {
			isa = PBXGroup;
			children = (
				B2873B712275A134008BBF33 /* FilterColor.swift */,
				B2873B702275A134008BBF33 /* FilterParameter.swift */,
				B2873B6F2275A134008BBF33 /* FilterParamPannelViewController.swift */,
				B2873B6E2275A133008BBF33 /* FilterPresentationController.swift */,
				B2873B732275A134008BBF33 /* FilterSliderView.swift */,
				B2A91E6E22758BCF00D01E09 /* AppDelegate.swift */,
				B2A91E9E22758C9200D01E09 /* FilterTableViewController.swift */,
				B2873B6C2275A0A0008BBF33 /* FilterDetailViewController.swift */,
				74DC296B2694AB8D0029DA20 /* TextImageGeneratorViewController.swift */,
				32ABCC842697FF1A00E8E37D /* ImageCompositingOverViewController.swift */,
				32ABCC8A269AD79400E8E37D /* MirrorXViewController.swift */,
				32ABCC8826987C2400E8E37D /* MirrorXFilter.swift */,
				32ABCC86269879B700E8E37D /* MirrorX.metal */,
				B2A91E7222758BCF00D01E09 /* Main.storyboard */,
				B2A91E7522758BD100D01E09 /* Assets.xcassets */,
				B2A91E7722758BD100D01E09 /* LaunchScreen.storyboard */,
				B2A91E7A22758BD100D01E09 /* Info.plist */,
			);
			path = CIFilters;
			sourceTree = "<group>";
		};
		B2A91E8222758BD100D01E09 /* CIFiltersTests */ = {
			isa = PBXGroup;
			children = (
				B2A91E8322758BD100D01E09 /* CIFiltersTests.swift */,
				B2A91E8522758BD100D01E09 /* Info.plist */,
			);
			path = CIFiltersTests;
			sourceTree = "<group>";
		};
		B2A91E8D22758BD100D01E09 /* CIFiltersUITests */ = {
			isa = PBXGroup;
			children = (
				B2A91E8E22758BD100D01E09 /* CIFiltersUITests.swift */,
				B2A91E9022758BD100D01E09 /* Info.plist */,
			);
			path = CIFiltersUITests;
			sourceTree = "<group>";
		};
/* End PBXGroup section */

/* Begin PBXNativeTarget section */
		B2A91E6A22758BCF00D01E09 /* CIFilters */ = {
			isa = PBXNativeTarget;
			buildConfigurationList = B2A91E9322758BD100D01E09 /* Build configuration list for PBXNativeTarget "CIFilters" */;
			buildPhases = (
				B2A91E6722758BCF00D01E09 /* Sources */,
				B2A91E6822758BCF00D01E09 /* Frameworks */,
				B2A91E6922758BCF00D01E09 /* Resources */,
			);
			buildRules = (
			);
			dependencies = (
			);
			name = CIFilters;
			productName = CIFilters;
			productReference = B2A91E6B22758BCF00D01E09 /* CIFilters.app */;
			productType = "com.apple.product-type.application";
		};
		B2A91E7E22758BD100D01E09 /* CIFiltersTests */ = {
			isa = PBXNativeTarget;
			buildConfigurationList = B2A91E9622758BD100D01E09 /* Build configuration list for PBXNativeTarget "CIFiltersTests" */;
			buildPhases = (
				B2A91E7B22758BD100D01E09 /* Sources */,
				B2A91E7C22758BD100D01E09 /* Frameworks */,
				B2A91E7D22758BD100D01E09 /* Resources */,
			);
			buildRules = (
			);
			dependencies = (
				B2A91E8122758BD100D01E09 /* PBXTargetDependency */,
			);
			name = CIFiltersTests;
			productName = CIFiltersTests;
			productReference = B2A91E7F22758BD100D01E09 /* CIFiltersTests.xctest */;
			productType = "com.apple.product-type.bundle.unit-test";
		};
		B2A91E8922758BD100D01E09 /* CIFiltersUITests */ = {
			isa = PBXNativeTarget;
			buildConfigurationList = B2A91E9922758BD100D01E09 /* Build configuration list for PBXNativeTarget "CIFiltersUITests" */;
			buildPhases = (
				B2A91E8622758BD100D01E09 /* Sources */,
				B2A91E8722758BD100D01E09 /* Frameworks */,
				B2A91E8822758BD100D01E09 /* Resources */,
			);
			buildRules = (
			);
			dependencies = (
				B2A91E8C22758BD100D01E09 /* PBXTargetDependency */,
			);
			name = CIFiltersUITests;
			productName = CIFiltersUITests;
			productReference = B2A91E8A22758BD100D01E09 /* CIFiltersUITests.xctest */;
			productType = "com.apple.product-type.bundle.ui-testing";
		};
/* End PBXNativeTarget section */

/* Begin PBXProject section */
		B2A91E6322758BCF00D01E09 /* Project object */ = {
			isa = PBXProject;
			attributes = {
				LastSwiftUpdateCheck = 1020;
				LastUpgradeCheck = 1020;
				ORGANIZATIONNAME = COOL;
				TargetAttributes = {
					B2A91E6A22758BCF00D01E09 = {
						CreatedOnToolsVersion = 10.2.1;
					};
					B2A91E7E22758BD100D01E09 = {
						CreatedOnToolsVersion = 10.2.1;
						TestTargetID = B2A91E6A22758BCF00D01E09;
					};
					B2A91E8922758BD100D01E09 = {
						CreatedOnToolsVersion = 10.2.1;
						TestTargetID = B2A91E6A22758BCF00D01E09;
					};
				};
			};
			buildConfigurationList = B2A91E6622758BCF00D01E09 /* Build configuration list for PBXProject "CIFilters" */;
			compatibilityVersion = "Xcode 9.3";
			developmentRegion = en;
			hasScannedForEncodings = 0;
			knownRegions = (
				en,
				Base,
			);
			mainGroup = B2A91E6222758BCF00D01E09;
			productRefGroup = B2A91E6C22758BCF00D01E09 /* Products */;
			projectDirPath = "";
			projectRoot = "";
			targets = (
				B2A91E6A22758BCF00D01E09 /* CIFilters */,
				B2A91E7E22758BD100D01E09 /* CIFiltersTests */,
				B2A91E8922758BD100D01E09 /* CIFiltersUITests */,
			);
		};
/* End PBXProject section */

/* Begin PBXResourcesBuildPhase section */
		B2A91E6922758BCF00D01E09 /* Resources */ = {
			isa = PBXResourcesBuildPhase;
			buildActionMask = 2147483647;
			files = (
				B2A91E7922758BD100D01E09 /* LaunchScreen.storyboard in Resources */,
				B2A91E7622758BD100D01E09 /* Assets.xcassets in Resources */,
				B2A91E7422758BCF00D01E09 /* Main.storyboard in Resources */,
			);
			runOnlyForDeploymentPostprocessing = 0;
		};
		B2A91E7D22758BD100D01E09 /* Resources */ = {
			isa = PBXResourcesBuildPhase;
			buildActionMask = 2147483647;
			files = (
			);
			runOnlyForDeploymentPostprocessing = 0;
		};
		B2A91E8822758BD100D01E09 /* Resources */ = {
			isa = PBXResourcesBuildPhase;
			buildActionMask = 2147483647;
			files = (
			);
			runOnlyForDeploymentPostprocessing = 0;
		};
/* End PBXResourcesBuildPhase section */

/* Begin PBXSourcesBuildPhase section */
		B2A91E6722758BCF00D01E09 /* Sources */ = {
			isa = PBXSourcesBuildPhase;
			buildActionMask = 2147483647;
			files = (
				32ABCC8B269AD79400E8E37D /* MirrorXViewController.swift in Sources */,
				B2873B6D2275A0A0008BBF33 /* FilterDetailViewController.swift in Sources */,
				32ABCC852697FF1B00E8E37D /* ImageCompositingOverViewController.swift in Sources */,
				B2873B752275A134008BBF33 /* FilterParamPannelViewController.swift in Sources */,
				32ABCC87269879B700E8E37D /* MirrorX.metal in Sources */,
				B2873B792275A134008BBF33 /* FilterSliderView.swift in Sources */,
				B2A91E6F22758BCF00D01E09 /* AppDelegate.swift in Sources */,
				B2873B762275A134008BBF33 /* FilterParameter.swift in Sources */,
				32ABCC8926987C2400E8E37D /* MirrorXFilter.swift in Sources */,
				B2A91E9F22758C9200D01E09 /* FilterTableViewController.swift in Sources */,
				74DC296C2694AB8D0029DA20 /* TextImageGeneratorViewController.swift in Sources */,
				B2873B772275A134008BBF33 /* FilterColor.swift in Sources */,
				B2873B742275A134008BBF33 /* FilterPresentationController.swift in Sources */,
			);
			runOnlyForDeploymentPostprocessing = 0;
		};
		B2A91E7B22758BD100D01E09 /* Sources */ = {
			isa = PBXSourcesBuildPhase;
			buildActionMask = 2147483647;
			files = (
				B2A91E8422758BD100D01E09 /* CIFiltersTests.swift in Sources */,
			);
			runOnlyForDeploymentPostprocessing = 0;
		};
		B2A91E8622758BD100D01E09 /* Sources */ = {
			isa = PBXSourcesBuildPhase;
			buildActionMask = 2147483647;
			files = (
				B2A91E8F22758BD100D01E09 /* CIFiltersUITests.swift in Sources */,
			);
			runOnlyForDeploymentPostprocessing = 0;
		};
/* End PBXSourcesBuildPhase section */

/* Begin PBXTargetDependency section */
		B2A91E8122758BD100D01E09 /* PBXTargetDependency */ = {
			isa = PBXTargetDependency;
			target = B2A91E6A22758BCF00D01E09 /* CIFilters */;
			targetProxy = B2A91E8022758BD100D01E09 /* PBXContainerItemProxy */;
		};
		B2A91E8C22758BD100D01E09 /* PBXTargetDependency */ = {
			isa = PBXTargetDependency;
			target = B2A91E6A22758BCF00D01E09 /* CIFilters */;
			targetProxy = B2A91E8B22758BD100D01E09 /* PBXContainerItemProxy */;
		};
/* End PBXTargetDependency section */

/* Begin PBXVariantGroup section */
		B2A91E7222758BCF00D01E09 /* Main.storyboard */ = {
			isa = PBXVariantGroup;
			children = (
				B2A91E7322758BCF00D01E09 /* Base */,
			);
			name = Main.storyboard;
			sourceTree = "<group>";
		};
		B2A91E7722758BD100D01E09 /* LaunchScreen.storyboard */ = {
			isa = PBXVariantGroup;
			children = (
				B2A91E7822758BD100D01E09 /* Base */,
			);
			name = LaunchScreen.storyboard;
			sourceTree = "<group>";
		};
/* End PBXVariantGroup section */

/* Begin XCBuildConfiguration section */
		B2A91E9122758BD100D01E09 /* Debug */ = {
			isa = XCBuildConfiguration;
			buildSettings = {
				ALWAYS_SEARCH_USER_PATHS = NO;
				CLANG_ANALYZER_NONNULL = YES;
				CLANG_ANALYZER_NUMBER_OBJECT_CONVERSION = YES_AGGRESSIVE;
				CLANG_CXX_LANGUAGE_STANDARD = "gnu++14";
				CLANG_CXX_LIBRARY = "libc++";
				CLANG_ENABLE_MODULES = YES;
				CLANG_ENABLE_OBJC_ARC = YES;
				CLANG_ENABLE_OBJC_WEAK = YES;
				CLANG_WARN_BLOCK_CAPTURE_AUTORELEASING = YES;
				CLANG_WARN_BOOL_CONVERSION = YES;
				CLANG_WARN_COMMA = YES;
				CLANG_WARN_CONSTANT_CONVERSION = YES;
				CLANG_WARN_DEPRECATED_OBJC_IMPLEMENTATIONS = YES;
				CLANG_WARN_DIRECT_OBJC_ISA_USAGE = YES_ERROR;
				CLANG_WARN_DOCUMENTATION_COMMENTS = YES;
				CLANG_WARN_EMPTY_BODY = YES;
				CLANG_WARN_ENUM_CONVERSION = YES;
				CLANG_WARN_INFINITE_RECURSION = YES;
				CLANG_WARN_INT_CONVERSION = YES;
				CLANG_WARN_NON_LITERAL_NULL_CONVERSION = YES;
				CLANG_WARN_OBJC_IMPLICIT_RETAIN_SELF = YES;
				CLANG_WARN_OBJC_LITERAL_CONVERSION = YES;
				CLANG_WARN_OBJC_ROOT_CLASS = YES_ERROR;
				CLANG_WARN_RANGE_LOOP_ANALYSIS = YES;
				CLANG_WARN_STRICT_PROTOTYPES = YES;
				CLANG_WARN_SUSPICIOUS_MOVE = YES;
				CLANG_WARN_UNGUARDED_AVAILABILITY = YES_AGGRESSIVE;
				CLANG_WARN_UNREACHABLE_CODE = YES;
				CLANG_WARN__DUPLICATE_METHOD_MATCH = YES;
				CODE_SIGN_IDENTITY = "iPhone Developer";
				COPY_PHASE_STRIP = NO;
				DEBUG_INFORMATION_FORMAT = dwarf;
				ENABLE_STRICT_OBJC_MSGSEND = YES;
				ENABLE_TESTABILITY = YES;
				GCC_C_LANGUAGE_STANDARD = gnu11;
				GCC_DYNAMIC_NO_PIC = NO;
				GCC_NO_COMMON_BLOCKS = YES;
				GCC_OPTIMIZATION_LEVEL = 0;
				GCC_PREPROCESSOR_DEFINITIONS = (
					"DEBUG=1",
					"$(inherited)",
				);
				GCC_WARN_64_TO_32_BIT_CONVERSION = YES;
				GCC_WARN_ABOUT_RETURN_TYPE = YES_ERROR;
				GCC_WARN_UNDECLARED_SELECTOR = YES;
				GCC_WARN_UNINITIALIZED_AUTOS = YES_AGGRESSIVE;
				GCC_WARN_UNUSED_FUNCTION = YES;
				GCC_WARN_UNUSED_VARIABLE = YES;
				IPHONEOS_DEPLOYMENT_TARGET = 12.2;
				MTL_ENABLE_DEBUG_INFO = INCLUDE_SOURCE;
				MTL_FAST_MATH = YES;
				ONLY_ACTIVE_ARCH = YES;
				SDKROOT = iphoneos;
				SWIFT_ACTIVE_COMPILATION_CONDITIONS = DEBUG;
				SWIFT_OPTIMIZATION_LEVEL = "-Onone";
			};
			name = Debug;
		};
		B2A91E9222758BD100D01E09 /* Release */ = {
			isa = XCBuildConfiguration;
			buildSettings = {
				ALWAYS_SEARCH_USER_PATHS = NO;
				CLANG_ANALYZER_NONNULL = YES;
				CLANG_ANALYZER_NUMBER_OBJECT_CONVERSION = YES_AGGRESSIVE;
				CLANG_CXX_LANGUAGE_STANDARD = "gnu++14";
				CLANG_CXX_LIBRARY = "libc++";
				CLANG_ENABLE_MODULES = YES;
				CLANG_ENABLE_OBJC_ARC = YES;
				CLANG_ENABLE_OBJC_WEAK = YES;
				CLANG_WARN_BLOCK_CAPTURE_AUTORELEASING = YES;
				CLANG_WARN_BOOL_CONVERSION = YES;
				CLANG_WARN_COMMA = YES;
				CLANG_WARN_CONSTANT_CONVERSION = YES;
				CLANG_WARN_DEPRECATED_OBJC_IMPLEMENTATIONS = YES;
				CLANG_WARN_DIRECT_OBJC_ISA_USAGE = YES_ERROR;
				CLANG_WARN_DOCUMENTATION_COMMENTS = YES;
				CLANG_WARN_EMPTY_BODY = YES;
				CLANG_WARN_ENUM_CONVERSION = YES;
				CLANG_WARN_INFINITE_RECURSION = YES;
				CLANG_WARN_INT_CONVERSION = YES;
				CLANG_WARN_NON_LITERAL_NULL_CONVERSION = YES;
				CLANG_WARN_OBJC_IMPLICIT_RETAIN_SELF = YES;
				CLANG_WARN_OBJC_LITERAL_CONVERSION = YES;
				CLANG_WARN_OBJC_ROOT_CLASS = YES_ERROR;
				CLANG_WARN_RANGE_LOOP_ANALYSIS = YES;
				CLANG_WARN_STRICT_PROTOTYPES = YES;
				CLANG_WARN_SUSPICIOUS_MOVE = YES;
				CLANG_WARN_UNGUARDED_AVAILABILITY = YES_AGGRESSIVE;
				CLANG_WARN_UNREACHABLE_CODE = YES;
				CLANG_WARN__DUPLICATE_METHOD_MATCH = YES;
				CODE_SIGN_IDENTITY = "iPhone Developer";
				COPY_PHASE_STRIP = NO;
				DEBUG_INFORMATION_FORMAT = "dwarf-with-dsym";
				ENABLE_NS_ASSERTIONS = NO;
				ENABLE_STRICT_OBJC_MSGSEND = YES;
				GCC_C_LANGUAGE_STANDARD = gnu11;
				GCC_NO_COMMON_BLOCKS = YES;
				GCC_WARN_64_TO_32_BIT_CONVERSION = YES;
				GCC_WARN_ABOUT_RETURN_TYPE = YES_ERROR;
				GCC_WARN_UNDECLARED_SELECTOR = YES;
				GCC_WARN_UNINITIALIZED_AUTOS = YES_AGGRESSIVE;
				GCC_WARN_UNUSED_FUNCTION = YES;
				GCC_WARN_UNUSED_VARIABLE = YES;
				IPHONEOS_DEPLOYMENT_TARGET = 12.2;
				MTL_ENABLE_DEBUG_INFO = NO;
				MTL_FAST_MATH = YES;
				SDKROOT = iphoneos;
				SWIFT_COMPILATION_MODE = wholemodule;
				SWIFT_OPTIMIZATION_LEVEL = "-O";
				VALIDATE_PRODUCT = YES;
			};
			name = Release;
		};
		B2A91E9422758BD100D01E09 /* Debug */ = {
			isa = XCBuildConfiguration;
			buildSettings = {
				ASSETCATALOG_COMPILER_APPICON_NAME = AppIcon;
				CODE_SIGN_STYLE = Automatic;
				DEVELOPMENT_TEAM = 9CVMN4UZK4;
				INFOPLIST_FILE = CIFilters/Info.plist;
				IPHONEOS_DEPLOYMENT_TARGET = 11.0;
				LD_RUNPATH_SEARCH_PATHS = (
					"$(inherited)",
					"@executable_path/Frameworks",
				);
				MTLLINKER_FLAGS = "-cikernel";
				MTL_COMPILER_FLAGS = "-fcikernel";
				PRODUCT_BUNDLE_IDENTIFIER = cn.rongcloud.CIFilters;
				PRODUCT_NAME = "$(TARGET_NAME)";
				SWIFT_VERSION = 5.0;
				TARGETED_DEVICE_FAMILY = 1;
			};
			name = Debug;
		};
		B2A91E9522758BD100D01E09 /* Release */ = {
			isa = XCBuildConfiguration;
			buildSettings = {
				ASSETCATALOG_COMPILER_APPICON_NAME = AppIcon;
				CODE_SIGN_STYLE = Automatic;
				DEVELOPMENT_TEAM = 9CVMN4UZK4;
				INFOPLIST_FILE = CIFilters/Info.plist;
				IPHONEOS_DEPLOYMENT_TARGET = 11.0;
				LD_RUNPATH_SEARCH_PATHS = (
					"$(inherited)",
					"@executable_path/Frameworks",
				);
				MTLLINKER_FLAGS = "-cikernel";
				MTL_COMPILER_FLAGS = "-fcikernel";
				PRODUCT_BUNDLE_IDENTIFIER = cn.rongcloud.CIFilters;
				PRODUCT_NAME = "$(TARGET_NAME)";
				SWIFT_VERSION = 5.0;
				TARGETED_DEVICE_FAMILY = 1;
			};
			name = Release;
		};
		B2A91E9722758BD100D01E09 /* Debug */ = {
			isa = XCBuildConfiguration;
			buildSettings = {
				ALWAYS_EMBED_SWIFT_STANDARD_LIBRARIES = YES;
				BUNDLE_LOADER = "$(TEST_HOST)";
				CODE_SIGN_STYLE = Automatic;
				INFOPLIST_FILE = CIFiltersTests/Info.plist;
				LD_RUNPATH_SEARCH_PATHS = (
					"$(inherited)",
					"@executable_path/Frameworks",
					"@loader_path/Frameworks",
				);
				PRODUCT_BUNDLE_IDENTIFIER = cn.grocery.store.CIFiltersTests;
				PRODUCT_NAME = "$(TARGET_NAME)";
				SWIFT_VERSION = 5.0;
				TARGETED_DEVICE_FAMILY = "1,2";
				TEST_HOST = "$(BUILT_PRODUCTS_DIR)/CIFilters.app/CIFilters";
			};
			name = Debug;
		};
		B2A91E9822758BD100D01E09 /* Release */ = {
			isa = XCBuildConfiguration;
			buildSettings = {
				ALWAYS_EMBED_SWIFT_STANDARD_LIBRARIES = YES;
				BUNDLE_LOADER = "$(TEST_HOST)";
				CODE_SIGN_STYLE = Automatic;
				INFOPLIST_FILE = CIFiltersTests/Info.plist;
				LD_RUNPATH_SEARCH_PATHS = (
					"$(inherited)",
					"@executable_path/Frameworks",
					"@loader_path/Frameworks",
				);
				PRODUCT_BUNDLE_IDENTIFIER = cn.grocery.store.CIFiltersTests;
				PRODUCT_NAME = "$(TARGET_NAME)";
				SWIFT_VERSION = 5.0;
				TARGETED_DEVICE_FAMILY = "1,2";
				TEST_HOST = "$(BUILT_PRODUCTS_DIR)/CIFilters.app/CIFilters";
			};
			name = Release;
		};
		B2A91E9A22758BD100D01E09 /* Debug */ = {
			isa = XCBuildConfiguration;
			buildSettings = {
				ALWAYS_EMBED_SWIFT_STANDARD_LIBRARIES = YES;
				CODE_SIGN_STYLE = Automatic;
				INFOPLIST_FILE = CIFiltersUITests/Info.plist;
				LD_RUNPATH_SEARCH_PATHS = (
					"$(inherited)",
					"@executable_path/Frameworks",
					"@loader_path/Frameworks",
				);
				PRODUCT_BUNDLE_IDENTIFIER = cn.grocery.store.CIFiltersUITests;
				PRODUCT_NAME = "$(TARGET_NAME)";
				SWIFT_VERSION = 5.0;
				TARGETED_DEVICE_FAMILY = "1,2";
				TEST_TARGET_NAME = CIFilters;
			};
			name = Debug;
		};
		B2A91E9B22758BD100D01E09 /* Release */ = {
			isa = XCBuildConfiguration;
			buildSettings = {
				ALWAYS_EMBED_SWIFT_STANDARD_LIBRARIES = YES;
				CODE_SIGN_STYLE = Automatic;
				INFOPLIST_FILE = CIFiltersUITests/Info.plist;
				LD_RUNPATH_SEARCH_PATHS = (
					"$(inherited)",
					"@executable_path/Frameworks",
					"@loader_path/Frameworks",
				);
				PRODUCT_BUNDLE_IDENTIFIER = cn.grocery.store.CIFiltersUITests;
				PRODUCT_NAME = "$(TARGET_NAME)";
				SWIFT_VERSION = 5.0;
				TARGETED_DEVICE_FAMILY = "1,2";
				TEST_TARGET_NAME = CIFilters;
			};
			name = Release;
		};
/* End XCBuildConfiguration section */

/* Begin XCConfigurationList section */
		B2A91E6622758BCF00D01E09 /* Build configuration list for PBXProject "CIFilters" */ = {
			isa = XCConfigurationList;
			buildConfigurations = (
				B2A91E9122758BD100D01E09 /* Debug */,
				B2A91E9222758BD100D01E09 /* Release */,
			);
			defaultConfigurationIsVisible = 0;
			defaultConfigurationName = Release;
		};
		B2A91E9322758BD100D01E09 /* Build configuration list for PBXNativeTarget "CIFilters" */ = {
			isa = XCConfigurationList;
			buildConfigurations = (
				B2A91E9422758BD100D01E09 /* Debug */,
				B2A91E9522758BD100D01E09 /* Release */,
			);
			defaultConfigurationIsVisible = 0;
			defaultConfigurationName = Release;
		};
		B2A91E9622758BD100D01E09 /* Build configuration list for PBXNativeTarget "CIFiltersTests" */ = {
			isa = XCConfigurationList;
			buildConfigurations = (
				B2A91E9722758BD100D01E09 /* Debug */,
				B2A91E9822758BD100D01E09 /* Release */,
			);
			defaultConfigurationIsVisible = 0;
			defaultConfigurationName = Release;
		};
		B2A91E9922758BD100D01E09 /* Build configuration list for PBXNativeTarget "CIFiltersUITests" */ = {
			isa = XCConfigurationList;
			buildConfigurations = (
				B2A91E9A22758BD100D01E09 /* Debug */,
				B2A91E9B22758BD100D01E09 /* Release */,
			);
			defaultConfigurationIsVisible = 0;
			defaultConfigurationName = Release;
		};
/* End XCConfigurationList section */
	};
	rootObject = B2A91E6322758BCF00D01E09 /* Project object */;
}
